
Microsoft Visual Studio Solution File, Format Version 12.00
# Visual Studio Version 16
VisualStudioVersion = 16.0.28803.156
MinimumVisualStudioVersion = 10.0.40219.1
Project("{FAE04EC0-301F-11D3-BF4B-00C04F79EFBC}") = "WindowsFormsApp5", "WindowsFormsApp5\WindowsFormsApp5.csproj", "{C398F965-72EB-4700-80E0-830B8BC8FD8A}"
EndProject
Global
	GlobalSection(SolutionConfigurationPlatforms) = preSolution
		Debug|Any CPU = Debug|Any CPU
		Release|Any CPU = Release|Any CPU
	EndGlobalSection
	GlobalSection(ProjectConfigurationPlatforms) = postSolution
		{C398F965-72EB-4700-80E0-830B8BC8FD8A}.Debug|Any CPU.ActiveCfg = Debug|Any CPU
		{C398F965-72EB-4700-80E0-830B8BC8FD8A}.Debug|Any CPU.Build.0 = Debug|Any CPU
		{C398F965-72EB-4700-80E0-830B8BC8FD8A}.Release|Any CPU.ActiveCfg = Release|Any CPU
		{C398F965-72EB-4700-80E0-830B8BC8FD8A}.Release|Any CPU.Build.0 = Release|Any CPU
	EndGlobalSection
	GlobalSection(SolutionProperties) = preSolution
		HideSolutionNode = FALSE
	EndGlobalSection
	GlobalSection(ExtensibilityGlobals) = postSolution
		SolutionGuid = {BABC2A42-F50E-42F9-A31B-F433A81D40F2}
	EndGlobalSection
EndGlobal
